{
  "requires": true,
  "lockfileVersion": 1,
  "dependencies": {
    "async": {
      "version": "0.2.10",
      "resolved": "https://registry.npmjs.org/async/-/async-0.2.10.tgz",
      "integrity": "sha1-trvgsGdLnXGXCMo43owjfLUmw9E="
    },
    "clone": {
      "version": "0.1.19",
      "resolved": "https://registry.npmjs.org/clone/-/clone-0.1.19.tgz",
      "integrity": "sha1-YT+2hjmyaklKxTJT4Vsaa9iK2oU="
    },
    "consolidate": {
      "version": "0.8.0",
      "resolved": "https://registry.npmjs.org/consolidate/-/consolidate-0.8.0.tgz",
      "integrity": "sha1-tl5MGgOqbae/HAEFVjHp9P8TgEo="
    },
    "glob": {
      "version": "3.1.21",
      "resolved": "https://registry.npmjs.org/glob/-/glob-3.1.21.tgz",
      "integrity": "sha1-0p4KBV3qUTj00H7UDomC6DwgZs0=",
      "requires": {
        "graceful-fs": "~1.2.0",
        "inherits": "1",
        "minimatch": "~0.2.11"
      }
    },
    "graceful-fs": {
      "version": "1.2.3",
      "resolved": "https://registry.npmjs.org/graceful-fs/-/graceful-fs-1.2.3.tgz",
      "integrity": "sha1-FaSAaldUfLLS2/J/QuiajDRRs2Q="
    },
    "inherits": {
      "version": "1.0.2",
      "resolved": "https://registry.npmjs.org/inherits/-/inherits-1.0.2.tgz",
      "integrity": "sha1-ykMJ2t7mtUzAuNJH6NfHoJdb3Js="
    },
    "lru-cache": {
      "version": "2.7.3",
      "resolved": "https://registry.npmjs.org/lru-cache/-/lru-cache-2.7.3.tgz",
      "integrity": "sha1-bUUk6LlV+V1PW1iFHOId1y+06VI="
    },
    "minimatch": {
      "version": "0.2.14",
      "resolved": "https://registry.npmjs.org/minimatch/-/minimatch-0.2.14.tgz",
      "integrity": "sha1-x054BXT2PG+aCQ6Q775u9TpqdWo=",
      "requires": {
        "lru-cache": "2",
        "sigmund": "~1.0.0"
      }
    },
    "sigmund": {
      "version": "1.0.1",
      "resolved": "https://registry.npmjs.org/sigmund/-/sigmund-1.0.1.tgz",
      "integrity": "sha1-P/IfGYytIXX587eBhT/ZTQ0ZtZA="
    },
    "tea-merge": {
      "version": "0.1.0",
      "resolved": "https://registry.npmjs.org/tea-merge/-/tea-merge-0.1.0.tgz",
      "integrity": "sha1-PdLfjjkJo0Gbt1F6O+l9ngFzDcQ=",
      "requires": {
        "tea-type": "0.1.0"
      }
    },
    "tea-type": {
      "version": "0.1.0",
      "resolved": "https://registry.npmjs.org/tea-type/-/tea-type-0.1.0.tgz",
      "integrity": "sha1-oTimvrAP9JhIdKT3XzWJ7xghr4I="
    },
    "views": {
      "version": "1.0.2",
      "resolved": "https://registry.npmjs.org/views/-/views-1.0.2.tgz",
      "integrity": "sha1-nMWfgPzRE1nrYOVdb4p3DPKtyNE=",
      "requires": {
        "async": "~0.2.6",
        "clone": "~0.1.6",
        "consolidate": "~0.8.0",
        "glob": "~3.1.21",
        "tea-merge": "~0.1.0"
      }
    }
  }
}
